
Microsoft Visual Studio Solution File, Format Version 12.00
# Visual Studio 15
VisualStudioVersion = 15.0.28307.539
MinimumVisualStudioVersion = 10.0.40219.1
Project("{FAE04EC0-301F-11D3-BF4B-00C04F79EFBC}") = "EtheralforAspNet", "EtheralforAspNet\EtheralforAspNet.csproj", "{AAEFB339-05C4-4DBF-BAB4-D9FDD25305E0}"
EndProject
Project("{FAE04EC0-301F-11D3-BF4B-00C04F79EFBC}") = "BinaryforAspNet", "BinaryforAspNet\BinaryforAspNet.csproj", "{4FD29EE5-540F-47CC-A1B3-5DC5B60192C0}"
EndProject
Project("{FAE04EC0-301F-11D3-BF4B-00C04F79EFBC}") = "Twenty", "Twenty\Twenty.csproj", "{5DADDAF0-5A9E-46BC-98DE-C83B1EF25C6F}"
EndProject
Project("{FAE04EC0-301F-11D3-BF4B-00C04F79EFBC}") = "Massively", "Massively\Massively.csproj", "{A506A60B-11A1-45A6-853C-39A49278B1DE}"
EndProject
Project("{FAE04EC0-301F-11D3-BF4B-00C04F79EFBC}") = "Dimension", "Dimension\Dimension.csproj", "{ECB77634-6B05-4496-A032-7F42610FCCD6}"
EndProject
Project("{FAE04EC0-301F-11D3-BF4B-00C04F79EFBC}") = "Forty", "Forty\Forty.csproj", "{EADC8100-FA78-454B-B82E-11BEEDC120F9}"
EndProject
Project("{FAE04EC0-301F-11D3-BF4B-00C04F79EFBC}") = "Interphase", "Interphase\Interphase.csproj", "{73F89543-DF42-4096-970B-1D1C07F86201}"
EndProject
Global
	GlobalSection(SolutionConfigurationPlatforms) = preSolution
		Debug|Any CPU = Debug|Any CPU
		Release|Any CPU = Release|Any CPU
	EndGlobalSection
	GlobalSection(ProjectConfigurationPlatforms) = postSolution
		{AAEFB339-05C4-4DBF-BAB4-D9FDD25305E0}.Debug|Any CPU.ActiveCfg = Debug|Any CPU
		{AAEFB339-05C4-4DBF-BAB4-D9FDD25305E0}.Debug|Any CPU.Build.0 = Debug|Any CPU
		{AAEFB339-05C4-4DBF-BAB4-D9FDD25305E0}.Release|Any CPU.ActiveCfg = Release|Any CPU
		{AAEFB339-05C4-4DBF-BAB4-D9FDD25305E0}.Release|Any CPU.Build.0 = Release|Any CPU
		{4FD29EE5-540F-47CC-A1B3-5DC5B60192C0}.Debug|Any CPU.ActiveCfg = Debug|Any CPU
		{4FD29EE5-540F-47CC-A1B3-5DC5B60192C0}.Debug|Any CPU.Build.0 = Debug|Any CPU
		{4FD29EE5-540F-47CC-A1B3-5DC5B60192C0}.Release|Any CPU.ActiveCfg = Release|Any CPU
		{4FD29EE5-540F-47CC-A1B3-5DC5B60192C0}.Release|Any CPU.Build.0 = Release|Any CPU
		{5DADDAF0-5A9E-46BC-98DE-C83B1EF25C6F}.Debug|Any CPU.ActiveCfg = Debug|Any CPU
		{5DADDAF0-5A9E-46BC-98DE-C83B1EF25C6F}.Debug|Any CPU.Build.0 = Debug|Any CPU
		{5DADDAF0-5A9E-46BC-98DE-C83B1EF25C6F}.Release|Any CPU.ActiveCfg = Release|Any CPU
		{5DADDAF0-5A9E-46BC-98DE-C83B1EF25C6F}.Release|Any CPU.Build.0 = Release|Any CPU
		{A506A60B-11A1-45A6-853C-39A49278B1DE}.Debug|Any CPU.ActiveCfg = Debug|Any CPU
		{A506A60B-11A1-45A6-853C-39A49278B1DE}.Debug|Any CPU.Build.0 = Debug|Any CPU
		{A506A60B-11A1-45A6-853C-39A49278B1DE}.Release|Any CPU.ActiveCfg = Release|Any CPU
		{A506A60B-11A1-45A6-853C-39A49278B1DE}.Release|Any CPU.Build.0 = Release|Any CPU
		{ECB77634-6B05-4496-A032-7F42610FCCD6}.Debug|Any CPU.ActiveCfg = Debug|Any CPU
		{ECB77634-6B05-4496-A032-7F42610FCCD6}.Debug|Any CPU.Build.0 = Debug|Any CPU
		{ECB77634-6B05-4496-A032-7F42610FCCD6}.Release|Any CPU.ActiveCfg = Release|Any CPU
		{ECB77634-6B05-4496-A032-7F42610FCCD6}.Release|Any CPU.Build.0 = Release|Any CPU
		{EADC8100-FA78-454B-B82E-11BEEDC120F9}.Debug|Any CPU.ActiveCfg = Debug|Any CPU
		{EADC8100-FA78-454B-B82E-11BEEDC120F9}.Debug|Any CPU.Build.0 = Debug|Any CPU
		{EADC8100-FA78-454B-B82E-11BEEDC120F9}.Release|Any CPU.ActiveCfg = Release|Any CPU
		{EADC8100-FA78-454B-B82E-11BEEDC120F9}.Release|Any CPU.Build.0 = Release|Any CPU
		{73F89543-DF42-4096-970B-1D1C07F86201}.Debug|Any CPU.ActiveCfg = Debug|Any CPU
		{73F89543-DF42-4096-970B-1D1C07F86201}.Debug|Any CPU.Build.0 = Debug|Any CPU
		{73F89543-DF42-4096-970B-1D1C07F86201}.Release|Any CPU.ActiveCfg = Release|Any CPU
		{73F89543-DF42-4096-970B-1D1C07F86201}.Release|Any CPU.Build.0 = Release|Any CPU
	EndGlobalSection
	GlobalSection(SolutionProperties) = preSolution
		HideSolutionNode = FALSE
	EndGlobalSection
	GlobalSection(ExtensibilityGlobals) = postSolution
		SolutionGuid = {073AFABD-A22E-4971-8770-265471CD6015}
	EndGlobalSection
EndGlobal
